
Microsoft Visual Studio Solution File, Format Version 12.00
# Visual Studio Version 17
VisualStudioVersion = 17.9.34728.123
MinimumVisualStudioVersion = 10.0.40219.1
Project("{9A19103F-16F7-4668-BE54-9A1E7A4F7556}") = "HotelBooking", "HotelBooking.csproj", "{1C799DCB-B861-4B47-8FDC-245C6BCFBF4E}"
EndProject
Global
	GlobalSection(SolutionConfigurationPlatforms) = preSolution
		Debug|Any CPU = Debug|Any CPU
		Release|Any CPU = Release|Any CPU
	EndGlobalSection
	GlobalSection(ProjectConfigurationPlatforms) = postSolution
		{1C799DCB-B861-4B47-8FDC-245C6BCFBF4E}.Debug|Any CPU.ActiveCfg = Debug|Any CPU
		{1C799DCB-B861-4B47-8FDC-245C6BCFBF4E}.Debug|Any CPU.Build.0 = Debug|Any CPU
		{1C799DCB-B861-4B47-8FDC-245C6BCFBF4E}.Release|Any CPU.ActiveCfg = Release|Any CPU
		{1C799DCB-B861-4B47-8FDC-245C6BCFBF4E}.Release|Any CPU.Build.0 = Release|Any CPU
	EndGlobalSection
	GlobalSection(SolutionProperties) = preSolution
		HideSolutionNode = FALSE
	EndGlobalSection
	GlobalSection(ExtensibilityGlobals) = postSolution
		SolutionGuid = {6921B5A5-FF06-4571-AB32-1F1952CD6713}
	EndGlobalSection
EndGlobal
